
Microsoft Visual Studio Solution File, Format Version 12.00
# Visual Studio Version 17
VisualStudioVersion = 17.8.34525.116
MinimumVisualStudioVersion = 10.0.40219.1
Project("{9A19103F-16F7-4668-BE54-9A1E7A4F7556}") = "ProdutosApp.API", "ProdutosApp.API\ProdutosApp.API.csproj", "{07E12C88-CBFF-4A2B-9546-F42E44364C63}"
EndProject
Project("{9A19103F-16F7-4668-BE54-9A1E7A4F7556}") = "ProdutosApp.Domain", "ProdutosApp.Domain\ProdutosApp.Domain.csproj", "{3522F378-0F82-46F4-A132-9E9D45C8D2F9}"
EndProject
Project("{9A19103F-16F7-4668-BE54-9A1E7A4F7556}") = "ProdutosApp.Infra.Data", "ProdutosApp.Infra.Data\ProdutosApp.Infra.Data.csproj", "{C570C7EA-99DC-4E4F-94E4-3B6CBA062ECF}"
EndProject
Project("{9A19103F-16F7-4668-BE54-9A1E7A4F7556}") = "ProdutosApp.Infra.Messages", "ProdutosApp.Infra.Messages\ProdutosApp.Infra.Messages.csproj", "{31B8061B-8D2C-475B-88B2-0B8C77767CB8}"
EndProject
Project("{2150E333-8FDC-42A3-9474-1A3956D46DE8}") = "API", "API", "{39A1F393-0F37-4387-BD3B-B5972ADE1331}"
EndProject
Project("{2150E333-8FDC-42A3-9474-1A3956D46DE8}") = "APPLICATION", "APPLICATION", "{2C00BFA6-3E3F-449F-902B-6BCE00F6E75D}"
EndProject
Project("{2150E333-8FDC-42A3-9474-1A3956D46DE8}") = "DOMAIN", "DOMAIN", "{C4B8868E-9A35-453D-8484-4CD584DE052A}"
EndProject
Project("{2150E333-8FDC-42A3-9474-1A3956D46DE8}") = "INFRASTRUCTURE", "INFRASTRUCTURE", "{BDE67438-CD67-4079-B59C-532398A8044D}"
EndProject
Project("{2150E333-8FDC-42A3-9474-1A3956D46DE8}") = "TESTS", "TESTS", "{27060960-188F-4E37-AA5F-389EB8AC5DAD}"
EndProject
Project("{9A19103F-16F7-4668-BE54-9A1E7A4F7556}") = "ProjetoFinalApp.IntegrationTests", "ProjetoFinalApp.IntegrationTests\ProjetoFinalApp.IntegrationTests.csproj", "{711AFF75-090A-4819-8FDE-1436E152DF12}"
EndProject
Project("{2150E333-8FDC-42A3-9474-1A3956D46DE8}") = "WEB", "WEB", "{94C981AB-6282-4254-BADA-5D500B4A7E42}"
EndProject
Project("{9A19103F-16F7-4668-BE54-9A1E7A4F7556}") = "ProjetoFinalCotiWeb", "ProjetoFinalCotiWeb\ProjetoFinalCotiWeb.csproj", "{95FC07DC-FB78-4E72-BD0B-D2F1BA67654C}"
EndProject
Global
	GlobalSection(SolutionConfigurationPlatforms) = preSolution
		Debug|Any CPU = Debug|Any CPU
		Release|Any CPU = Release|Any CPU
	EndGlobalSection
	GlobalSection(ProjectConfigurationPlatforms) = postSolution
		{07E12C88-CBFF-4A2B-9546-F42E44364C63}.Debug|Any CPU.ActiveCfg = Debug|Any CPU
		{07E12C88-CBFF-4A2B-9546-F42E44364C63}.Debug|Any CPU.Build.0 = Debug|Any CPU
		{07E12C88-CBFF-4A2B-9546-F42E44364C63}.Release|Any CPU.ActiveCfg = Release|Any CPU
		{07E12C88-CBFF-4A2B-9546-F42E44364C63}.Release|Any CPU.Build.0 = Release|Any CPU
		{3522F378-0F82-46F4-A132-9E9D45C8D2F9}.Debug|Any CPU.ActiveCfg = Debug|Any CPU
		{3522F378-0F82-46F4-A132-9E9D45C8D2F9}.Debug|Any CPU.Build.0 = Debug|Any CPU
		{3522F378-0F82-46F4-A132-9E9D45C8D2F9}.Release|Any CPU.ActiveCfg = Release|Any CPU
		{3522F378-0F82-46F4-A132-9E9D45C8D2F9}.Release|Any CPU.Build.0 = Release|Any CPU
		{C570C7EA-99DC-4E4F-94E4-3B6CBA062ECF}.Debug|Any CPU.ActiveCfg = Debug|Any CPU
		{C570C7EA-99DC-4E4F-94E4-3B6CBA062ECF}.Debug|Any CPU.Build.0 = Debug|Any CPU
		{C570C7EA-99DC-4E4F-94E4-3B6CBA062ECF}.Release|Any CPU.ActiveCfg = Release|Any CPU
		{C570C7EA-99DC-4E4F-94E4-3B6CBA062ECF}.Release|Any CPU.Build.0 = Release|Any CPU
		{31B8061B-8D2C-475B-88B2-0B8C77767CB8}.Debug|Any CPU.ActiveCfg = Debug|Any CPU
		{31B8061B-8D2C-475B-88B2-0B8C77767CB8}.Debug|Any CPU.Build.0 = Debug|Any CPU
		{31B8061B-8D2C-475B-88B2-0B8C77767CB8}.Release|Any CPU.ActiveCfg = Release|Any CPU
		{31B8061B-8D2C-475B-88B2-0B8C77767CB8}.Release|Any CPU.Build.0 = Release|Any CPU
		{711AFF75-090A-4819-8FDE-1436E152DF12}.Debug|Any CPU.ActiveCfg = Debug|Any CPU
		{711AFF75-090A-4819-8FDE-1436E152DF12}.Debug|Any CPU.Build.0 = Debug|Any CPU
		{711AFF75-090A-4819-8FDE-1436E152DF12}.Release|Any CPU.ActiveCfg = Release|Any CPU
		{711AFF75-090A-4819-8FDE-1436E152DF12}.Release|Any CPU.Build.0 = Release|Any CPU
		{95FC07DC-FB78-4E72-BD0B-D2F1BA67654C}.Debug|Any CPU.ActiveCfg = Debug|Any CPU
		{95FC07DC-FB78-4E72-BD0B-D2F1BA67654C}.Debug|Any CPU.Build.0 = Debug|Any CPU
		{95FC07DC-FB78-4E72-BD0B-D2F1BA67654C}.Release|Any CPU.ActiveCfg = Release|Any CPU
		{95FC07DC-FB78-4E72-BD0B-D2F1BA67654C}.Release|Any CPU.Build.0 = Release|Any CPU
	EndGlobalSection
	GlobalSection(SolutionProperties) = preSolution
		HideSolutionNode = FALSE
	EndGlobalSection
	GlobalSection(NestedProjects) = preSolution
		{07E12C88-CBFF-4A2B-9546-F42E44364C63} = {2C00BFA6-3E3F-449F-902B-6BCE00F6E75D}
		{3522F378-0F82-46F4-A132-9E9D45C8D2F9} = {C4B8868E-9A35-453D-8484-4CD584DE052A}
		{C570C7EA-99DC-4E4F-94E4-3B6CBA062ECF} = {BDE67438-CD67-4079-B59C-532398A8044D}
		{31B8061B-8D2C-475B-88B2-0B8C77767CB8} = {BDE67438-CD67-4079-B59C-532398A8044D}
		{2C00BFA6-3E3F-449F-902B-6BCE00F6E75D} = {39A1F393-0F37-4387-BD3B-B5972ADE1331}
		{C4B8868E-9A35-453D-8484-4CD584DE052A} = {39A1F393-0F37-4387-BD3B-B5972ADE1331}
		{BDE67438-CD67-4079-B59C-532398A8044D} = {39A1F393-0F37-4387-BD3B-B5972ADE1331}
		{711AFF75-090A-4819-8FDE-1436E152DF12} = {27060960-188F-4E37-AA5F-389EB8AC5DAD}
		{95FC07DC-FB78-4E72-BD0B-D2F1BA67654C} = {94C981AB-6282-4254-BADA-5D500B4A7E42}
	EndGlobalSection
	GlobalSection(ExtensibilityGlobals) = postSolution
		SolutionGuid = {B81DAA37-EC4C-4317-8723-C04963C3351F}
	EndGlobalSection
EndGlobal
